
Microsoft Visual Studio Solution File, Format Version 12.00
# Visual Studio Version 16
VisualStudioVersion = 16.0.33423.256
MinimumVisualStudioVersion = 10.0.40219.1
Project("{FAE04EC0-301F-11D3-BF4B-00C04F79EFBC}") = "ConsoleApp1", "ConsoleApp1\ConsoleApp1.csproj", "{CF4B1AB4-1A0C-48A7-9690-5A7939EF1255}"
EndProject
Global
	GlobalSection(SolutionConfigurationPlatforms) = preSolution
		Debug|Any CPU = Debug|Any CPU
		Release|Any CPU = Release|Any CPU
	EndGlobalSection
	GlobalSection(ProjectConfigurationPlatforms) = postSolution
		{CF4B1AB4-1A0C-48A7-9690-5A7939EF1255}.Debug|Any CPU.ActiveCfg = Debug|Any CPU
		{CF4B1AB4-1A0C-48A7-9690-5A7939EF1255}.Debug|Any CPU.Build.0 = Debug|Any CPU
		{CF4B1AB4-1A0C-48A7-9690-5A7939EF1255}.Release|Any CPU.ActiveCfg = Release|Any CPU
		{CF4B1AB4-1A0C-48A7-9690-5A7939EF1255}.Release|Any CPU.Build.0 = Release|Any CPU
	EndGlobalSection
	GlobalSection(SolutionProperties) = preSolution
		HideSolutionNode = FALSE
	EndGlobalSection
	GlobalSection(ExtensibilityGlobals) = postSolution
		SolutionGuid = {0308E932-5381-4C46-81B8-B33CCFD76647}
	EndGlobalSection
EndGlobal
